<Solution>
  <Folder Name="/src/">
    <Project Path="src/CycloneDx.IntegrityVerification/CycloneDx.IntegrityVerification.csproj" />
  </Folder>
  <Folder Name="/tests/">
    <Project Path="tests/CycloneDx.IntegrityVerification.Tests/CycloneDx.IntegrityVerification.Tests.csproj" />
  </Folder>
</Solution>
